<?xml version="1.0" encoding="utf-8"?>
<Project ToolsVersion="4.0" xmlns="http://schemas.microsoft.com/developer/msbuild/2003">
  <ItemGroup>
    <Filter Include="소스 파일">
      <UniqueIdentifier>{4FC737F1-C7A5-4376-A066-2A32D752A2FF}</UniqueIdentifier>
      <Extensions>cpp;c;cc;cxx;c++;cppm;ixx;def;odl;idl;hpj;bat;asm;asmx</Extensions>
    </Filter>
    <Filter Include="헤더 파일">
      <UniqueIdentifier>{93995380-89BD-4b04-88EB-625FBE52EBFB}</UniqueIdentifier>
      <Extensions>h;hh;hpp;hxx;h++;hm;inl;inc;ipp;xsd</Extensions>
    </Filter>
    <Filter Include="리소스 파일">
      <UniqueIdentifier>{67DA6AB6-F800-4c08-8B7A-83BB121AAD01}</UniqueIdentifier>
      <Extensions>rc;ico;cur;bmp;dlg;rc2;rct;bin;rgs;gif;jpg;jpeg;jpe;resx;tiff;tif;png;wav;mfcribbon-ms</Extensions>
    </Filter>
  </ItemGroup>
  <ItemGroup>
    <ClCompile Include="01_While문\01_While문.c">
      <Filter>소스 파일</Filter>
    </ClCompile>
    <ClCompile Include="01_While문\02_While문.c">
      <Filter>소스 파일</Filter>
    </ClCompile>
    <ClCompile Include="01_While문\03_While문.c">
      <Filter>소스 파일</Filter>
    </ClCompile>
    <ClCompile Include="02_DoWhile문\01_DoWhile문.c">
      <Filter>소스 파일</Filter>
    </ClCompile>
    <ClCompile Include="03_For문\01_For문.c">
      <Filter>소스 파일</Filter>
    </ClCompile>
    <ClCompile Include="03_For문\02_For문.c">
      <Filter>소스 파일</Filter>
    </ClCompile>
    <ClCompile Include="03_For문\02_2_피보나치수열.c">
      <Filter>소스 파일</Filter>
    </ClCompile>
    <ClCompile Include="03_For문\01_반복문_문제.c">
      <Filter>소스 파일</Filter>
    </ClCompile>
    <ClCompile Include="04_점프문\01_점프문.c">
      <Filter>소스 파일</Filter>
    </ClCompile>
    <ClCompile Include="04_점프문\02_점프문.c">
      <Filter>소스 파일</Filter>
    </ClCompile>
    <ClCompile Include="04_점프문\03_점프문.c">
      <Filter>소스 파일</Filter>
    </ClCompile>
  </ItemGroup>
</Project>